
Microsoft Visual Studio Solution File, Format Version 12.00
# Visual Studio 2013
VisualStudioVersion = 12.0.40629.0
MinimumVisualStudioVersion = 10.0.40219.1
Project("{00D1A9C2-B5F0-4AF3-8072-F6C62B433612}") = "ResultSetCapture", "genericProcCall\ResultSetCapture.sqlproj", "{60595030-7583-41CA-A6D6-963F3C5CEDAB}"
EndProject
Global
	GlobalSection(SolutionConfigurationPlatforms) = preSolution
		Debug|Any CPU = Debug|Any CPU
		Release|Any CPU = Release|Any CPU
	EndGlobalSection
	GlobalSection(ProjectConfigurationPlatforms) = postSolution
		{60595030-7583-41CA-A6D6-963F3C5CEDAB}.Debug|Any CPU.ActiveCfg = Debug|Any CPU
		{60595030-7583-41CA-A6D6-963F3C5CEDAB}.Debug|Any CPU.Build.0 = Debug|Any CPU
		{60595030-7583-41CA-A6D6-963F3C5CEDAB}.Debug|Any CPU.Deploy.0 = Debug|Any CPU
		{60595030-7583-41CA-A6D6-963F3C5CEDAB}.Release|Any CPU.ActiveCfg = Release|Any CPU
		{60595030-7583-41CA-A6D6-963F3C5CEDAB}.Release|Any CPU.Build.0 = Release|Any CPU
		{60595030-7583-41CA-A6D6-963F3C5CEDAB}.Release|Any CPU.Deploy.0 = Release|Any CPU
	EndGlobalSection
	GlobalSection(SolutionProperties) = preSolution
		HideSolutionNode = FALSE
	EndGlobalSection
EndGlobal
